// !$*UTF8*$!
{
	archiveVersion = 1;
	classes = {
	};
	objectVersion = 50;
	objects = {

/* Begin PBXBuildFile section */
		7B61517725B336E3008EE885 /* FlickrApplicationApp.swift in Sources */ = {isa = PBXBuildFile; fileRef = 7B61517625B336E3008EE885 /* FlickrApplicationApp.swift */; };
		7B61517925B336E3008EE885 /* ContentView.swift in Sources */ = {isa = PBXBuildFile; fileRef = 7B61517825B336E3008EE885 /* ContentView.swift */; };
		7B61517B25B336E6008EE885 /* Assets.xcassets in Resources */ = {isa = PBXBuildFile; fileRef = 7B61517A25B336E6008EE885 /* Assets.xcassets */; };
		7B61517E25B336E6008EE885 /* Preview Assets.xcassets in Resources */ = {isa = PBXBuildFile; fileRef = 7B61517D25B336E6008EE885 /* Preview Assets.xcassets */; };
		7B61518825B33710008EE885 /* README.md in Resources */ = {isa = PBXBuildFile; fileRef = 7B61518725B33710008EE885 /* README.md */; };
		7B61518B25B33715008EE885 /* .gitignore in Resources */ = {isa = PBXBuildFile; fileRef = 7B61518A25B33715008EE885 /* .gitignore */; };
		7B61519625B33786008EE885 /* PhotoResponse.swift in Sources */ = {isa = PBXBuildFile; fileRef = 7B61519525B33786008EE885 /* PhotoResponse.swift */; };
		7B61519925B337CF008EE885 /* PopularPhotosView.swift in Sources */ = {isa = PBXBuildFile; fileRef = 7B61519825B337CF008EE885 /* PopularPhotosView.swift */; };
		7B61519D25B337E5008EE885 /* PopularPhotosViewModel.swift in Sources */ = {isa = PBXBuildFile; fileRef = 7B61519C25B337E5008EE885 /* PopularPhotosViewModel.swift */; };
		7B6151A025B33803008EE885 /* DetailPhotoView.swift in Sources */ = {isa = PBXBuildFile; fileRef = 7B61519F25B33803008EE885 /* DetailPhotoView.swift */; };
		7B6151A325B33821008EE885 /* WebImageView.swift in Sources */ = {isa = PBXBuildFile; fileRef = 7B6151A225B33821008EE885 /* WebImageView.swift */; };
		7B6151A625B33830008EE885 /* WebImageViewModel.swift in Sources */ = {isa = PBXBuildFile; fileRef = 7B6151A525B33830008EE885 /* WebImageViewModel.swift */; };
		7B6151A925B3385A008EE885 /* NetworkService.swift in Sources */ = {isa = PBXBuildFile; fileRef = 7B6151A825B3385A008EE885 /* NetworkService.swift */; };
		7B6151AC25B33865008EE885 /* ImageLoader.swift in Sources */ = {isa = PBXBuildFile; fileRef = 7B6151AB25B33865008EE885 /* ImageLoader.swift */; };
		7B6151AF25B3389D008EE885 /* Constants.swift in Sources */ = {isa = PBXBuildFile; fileRef = 7B6151AE25B3389D008EE885 /* Constants.swift */; };
		7B6151B525B339C1008EE885 /* Localizable.strings in Resources */ = {isa = PBXBuildFile; fileRef = 7B6151B725B339C1008EE885 /* Localizable.strings */; };
/* End PBXBuildFile section */

/* Begin PBXFileReference section */
		7B61517325B336E3008EE885 /* FlickrApplication.app */ = {isa = PBXFileReference; explicitFileType = wrapper.application; includeInIndex = 0; path = FlickrApplication.app; sourceTree = BUILT_PRODUCTS_DIR; };
		7B61517625B336E3008EE885 /* FlickrApplicationApp.swift */ = {isa = PBXFileReference; lastKnownFileType = sourcecode.swift; path = FlickrApplicationApp.swift; sourceTree = "<group>"; };
		7B61517825B336E3008EE885 /* ContentView.swift */ = {isa = PBXFileReference; lastKnownFileType = sourcecode.swift; path = ContentView.swift; sourceTree = "<group>"; };
		7B61517A25B336E6008EE885 /* Assets.xcassets */ = {isa = PBXFileReference; lastKnownFileType = folder.assetcatalog; path = Assets.xcassets; sourceTree = "<group>"; };
		7B61517D25B336E6008EE885 /* Preview Assets.xcassets */ = {isa = PBXFileReference; lastKnownFileType = folder.assetcatalog; path = "Preview Assets.xcassets"; sourceTree = "<group>"; };
		7B61517F25B336E6008EE885 /* Info.plist */ = {isa = PBXFileReference; lastKnownFileType = text.plist.xml; path = Info.plist; sourceTree = "<group>"; };
		7B61518725B33710008EE885 /* README.md */ = {isa = PBXFileReference; fileEncoding = 4; lastKnownFileType = net.daringfireball.markdown; path = README.md; sourceTree = "<group>"; };
		7B61518A25B33715008EE885 /* .gitignore */ = {isa = PBXFileReference; fileEncoding = 4; lastKnownFileType = text; path = .gitignore; sourceTree = "<group>"; };
		7B61519525B33786008EE885 /* PhotoResponse.swift */ = {isa = PBXFileReference; lastKnownFileType = sourcecode.swift; path = PhotoResponse.swift; sourceTree = "<group>"; };
		7B61519825B337CF008EE885 /* PopularPhotosView.swift */ = {isa = PBXFileReference; lastKnownFileType = sourcecode.swift; path = PopularPhotosView.swift; sourceTree = "<group>"; };
		7B61519C25B337E5008EE885 /* PopularPhotosViewModel.swift */ = {isa = PBXFileReference; lastKnownFileType = sourcecode.swift; path = PopularPhotosViewModel.swift; sourceTree = "<group>"; };
		7B61519F25B33803008EE885 /* DetailPhotoView.swift */ = {isa = PBXFileReference; lastKnownFileType = sourcecode.swift; path = DetailPhotoView.swift; sourceTree = "<group>"; };
		7B6151A225B33821008EE885 /* WebImageView.swift */ = {isa = PBXFileReference; lastKnownFileType = sourcecode.swift; path = WebImageView.swift; sourceTree = "<group>"; };
		7B6151A525B33830008EE885 /* WebImageViewModel.swift */ = {isa = PBXFileReference; lastKnownFileType = sourcecode.swift; path = WebImageViewModel.swift; sourceTree = "<group>"; };
		7B6151A825B3385A008EE885 /* NetworkService.swift */ = {isa = PBXFileReference; lastKnownFileType = sourcecode.swift; path = NetworkService.swift; sourceTree = "<group>"; };
		7B6151AB25B33865008EE885 /* ImageLoader.swift */ = {isa = PBXFileReference; lastKnownFileType = sourcecode.swift; path = ImageLoader.swift; sourceTree = "<group>"; };
		7B6151AE25B3389D008EE885 /* Constants.swift */ = {isa = PBXFileReference; lastKnownFileType = sourcecode.swift; path = Constants.swift; sourceTree = "<group>"; };
		7B6151B625B339C1008EE885 /* en */ = {isa = PBXFileReference; lastKnownFileType = text.plist.strings; name = en; path = en.lproj/Localizable.strings; sourceTree = "<group>"; };
		7B6151C025B339EF008EE885 /* ru */ = {isa = PBXFileReference; lastKnownFileType = text.plist.strings; name = ru; path = ru.lproj/Localizable.strings; sourceTree = "<group>"; };
/* End PBXFileReference section */

/* Begin PBXFrameworksBuildPhase section */
		7B61517025B336E3008EE885 /* Frameworks */ = {
			isa = PBXFrameworksBuildPhase;
			buildActionMask = 2147483647;
			files = (
			);
			runOnlyForDeploymentPostprocessing = 0;
		};
/* End PBXFrameworksBuildPhase section */

/* Begin PBXGroup section */
		7B61516A25B336E3008EE885 = {
			isa = PBXGroup;
			children = (
				7B61518725B33710008EE885 /* README.md */,
				7B61518A25B33715008EE885 /* .gitignore */,
				7B61517525B336E3008EE885 /* FlickrApplication */,
				7B61517425B336E3008EE885 /* Products */,
			);
			sourceTree = "<group>";
		};
		7B61517425B336E3008EE885 /* Products */ = {
			isa = PBXGroup;
			children = (
				7B61517325B336E3008EE885 /* FlickrApplication.app */,
			);
			name = Products;
			sourceTree = "<group>";
		};
		7B61517525B336E3008EE885 /* FlickrApplication */ = {
			isa = PBXGroup;
			children = (
				7B61518E25B33729008EE885 /* Navigation */,
				7B61518D25B33721008EE885 /* Model */,
				7B61518F25B33731008EE885 /* PopularPhotosModule */,
				7B61519025B33743008EE885 /* DetailPhotoModule */,
				7B61519125B33753008EE885 /* WebImage */,
				7B61519225B3375D008EE885 /* Services */,
				7B61519425B33769008EE885 /* Localization */,
				7B61519325B33762008EE885 /* Utils */,
				7B61517625B336E3008EE885 /* FlickrApplicationApp.swift */,
				7B61517A25B336E6008EE885 /* Assets.xcassets */,
				7B61517F25B336E6008EE885 /* Info.plist */,
				7B61517C25B336E6008EE885 /* Preview Content */,
			);
			path = FlickrApplication;
			sourceTree = "<group>";
		};
		7B61517C25B336E6008EE885 /* Preview Content */ = {
			isa = PBXGroup;
			children = (
				7B61517D25B336E6008EE885 /* Preview Assets.xcassets */,
			);
			path = "Preview Content";
			sourceTree = "<group>";
		};
		7B61518D25B33721008EE885 /* Model */ = {
			isa = PBXGroup;
			children = (
				7B61519525B33786008EE885 /* PhotoResponse.swift */,
			);
			path = Model;
			sourceTree = "<group>";
		};
		7B61518E25B33729008EE885 /* Navigation */ = {
			isa = PBXGroup;
			children = (
				7B61517825B336E3008EE885 /* ContentView.swift */,
			);
			path = Navigation;
			sourceTree = "<group>";
		};
		7B61518F25B33731008EE885 /* PopularPhotosModule */ = {
			isa = PBXGroup;
			children = (
				7B61519825B337CF008EE885 /* PopularPhotosView.swift */,
				7B61519C25B337E5008EE885 /* PopularPhotosViewModel.swift */,
			);
			path = PopularPhotosModule;
			sourceTree = "<group>";
		};
		7B61519025B33743008EE885 /* DetailPhotoModule */ = {
			isa = PBXGroup;
			children = (
				7B61519F25B33803008EE885 /* DetailPhotoView.swift */,
			);
			path = DetailPhotoModule;
			sourceTree = "<group>";
		};
		7B61519125B33753008EE885 /* WebImage */ = {
			isa = PBXGroup;
			children = (
				7B6151A225B33821008EE885 /* WebImageView.swift */,
				7B6151A525B33830008EE885 /* WebImageViewModel.swift */,
			);
			path = WebImage;
			sourceTree = "<group>";
		};
		7B61519225B3375D008EE885 /* Services */ = {
			isa = PBXGroup;
			children = (
				7B6151A825B3385A008EE885 /* NetworkService.swift */,
				7B6151AB25B33865008EE885 /* ImageLoader.swift */,
			);
			path = Services;
			sourceTree = "<group>";
		};
		7B61519325B33762008EE885 /* Utils */ = {
			isa = PBXGroup;
			children = (
				7B6151AE25B3389D008EE885 /* Constants.swift */,
			);
			path = Utils;
			sourceTree = "<group>";
		};
		7B61519425B33769008EE885 /* Localization */ = {
			isa = PBXGroup;
			children = (
				7B6151B725B339C1008EE885 /* Localizable.strings */,
			);
			path = Localization;
			sourceTree = "<group>";
		};
/* End PBXGroup section */

/* Begin PBXNativeTarget section */
		7B61517225B336E3008EE885 /* FlickrApplication */ = {
			isa = PBXNativeTarget;
			buildConfigurationList = 7B61518225B336E6008EE885 /* Build configuration list for PBXNativeTarget "FlickrApplication" */;
			buildPhases = (
				7B61516F25B336E3008EE885 /* Sources */,
				7B61517025B336E3008EE885 /* Frameworks */,
				7B61517125B336E3008EE885 /* Resources */,
			);
			buildRules = (
			);
			dependencies = (
			);
			name = FlickrApplication;
			productName = FlickrApplication;
			productReference = 7B61517325B336E3008EE885 /* FlickrApplication.app */;
			productType = "com.apple.product-type.application";
		};
/* End PBXNativeTarget section */

/* Begin PBXProject section */
		7B61516B25B336E3008EE885 /* Project object */ = {
			isa = PBXProject;
			attributes = {
				LastSwiftUpdateCheck = 1230;
				LastUpgradeCheck = 1230;
				TargetAttributes = {
					7B61517225B336E3008EE885 = {
						CreatedOnToolsVersion = 12.3;
					};
				};
			};
			buildConfigurationList = 7B61516E25B336E3008EE885 /* Build configuration list for PBXProject "FlickrApplication" */;
			compatibilityVersion = "Xcode 9.3";
			developmentRegion = en;
			hasScannedForEncodings = 0;
			knownRegions = (
				en,
				Base,
				ru,
			);
			mainGroup = 7B61516A25B336E3008EE885;
			productRefGroup = 7B61517425B336E3008EE885 /* Products */;
			projectDirPath = "";
			projectRoot = "";
			targets = (
				7B61517225B336E3008EE885 /* FlickrApplication */,
			);
		};
/* End PBXProject section */

/* Begin PBXResourcesBuildPhase section */
		7B61517125B336E3008EE885 /* Resources */ = {
			isa = PBXResourcesBuildPhase;
			buildActionMask = 2147483647;
			files = (
				7B6151B525B339C1008EE885 /* Localizable.strings in Resources */,
				7B61518B25B33715008EE885 /* .gitignore in Resources */,
				7B61518825B33710008EE885 /* README.md in Resources */,
				7B61517E25B336E6008EE885 /* Preview Assets.xcassets in Resources */,
				7B61517B25B336E6008EE885 /* Assets.xcassets in Resources */,
			);
			runOnlyForDeploymentPostprocessing = 0;
		};
/* End PBXResourcesBuildPhase section */

/* Begin PBXSourcesBuildPhase section */
		7B61516F25B336E3008EE885 /* Sources */ = {
			isa = PBXSourcesBuildPhase;
			buildActionMask = 2147483647;
			files = (
				7B61519625B33786008EE885 /* PhotoResponse.swift in Sources */,
				7B6151AF25B3389D008EE885 /* Constants.swift in Sources */,
				7B61519925B337CF008EE885 /* PopularPhotosView.swift in Sources */,
				7B6151AC25B33865008EE885 /* ImageLoader.swift in Sources */,
				7B6151A025B33803008EE885 /* DetailPhotoView.swift in Sources */,
				7B6151A325B33821008EE885 /* WebImageView.swift in Sources */,
				7B6151A925B3385A008EE885 /* NetworkService.swift in Sources */,
				7B61519D25B337E5008EE885 /* PopularPhotosViewModel.swift in Sources */,
				7B61517925B336E3008EE885 /* ContentView.swift in Sources */,
				7B61517725B336E3008EE885 /* FlickrApplicationApp.swift in Sources */,
				7B6151A625B33830008EE885 /* WebImageViewModel.swift in Sources */,
			);
			runOnlyForDeploymentPostprocessing = 0;
		};
/* End PBXSourcesBuildPhase section */

/* Begin PBXVariantGroup section */
		7B6151B725B339C1008EE885 /* Localizable.strings */ = {
			isa = PBXVariantGroup;
			children = (
				7B6151B625B339C1008EE885 /* en */,
				7B6151C025B339EF008EE885 /* ru */,
			);
			name = Localizable.strings;
			sourceTree = "<group>";
		};
/* End PBXVariantGroup section */

/* Begin XCBuildConfiguration section */
		7B61518025B336E6008EE885 /* Debug */ = {
			isa = XCBuildConfiguration;
			buildSettings = {
				ALWAYS_SEARCH_USER_PATHS = NO;
				CLANG_ANALYZER_NONNULL = YES;
				CLANG_ANALYZER_NUMBER_OBJECT_CONVERSION = YES_AGGRESSIVE;
				CLANG_CXX_LANGUAGE_STANDARD = "gnu++14";
				CLANG_CXX_LIBRARY = "libc++";
				CLANG_ENABLE_MODULES = YES;
				CLANG_ENABLE_OBJC_ARC = YES;
				CLANG_ENABLE_OBJC_WEAK = YES;
				CLANG_WARN_BLOCK_CAPTURE_AUTORELEASING = YES;
				CLANG_WARN_BOOL_CONVERSION = YES;
				CLANG_WARN_COMMA = YES;
				CLANG_WARN_CONSTANT_CONVERSION = YES;
				CLANG_WARN_DEPRECATED_OBJC_IMPLEMENTATIONS = YES;
				CLANG_WARN_DIRECT_OBJC_ISA_USAGE = YES_ERROR;
				CLANG_WARN_DOCUMENTATION_COMMENTS = YES;
				CLANG_WARN_EMPTY_BODY = YES;
				CLANG_WARN_ENUM_CONVERSION = YES;
				CLANG_WARN_INFINITE_RECURSION = YES;
				CLANG_WARN_INT_CONVERSION = YES;
				CLANG_WARN_NON_LITERAL_NULL_CONVERSION = YES;
				CLANG_WARN_OBJC_IMPLICIT_RETAIN_SELF = YES;
				CLANG_WARN_OBJC_LITERAL_CONVERSION = YES;
				CLANG_WARN_OBJC_ROOT_CLASS = YES_ERROR;
				CLANG_WARN_QUOTED_INCLUDE_IN_FRAMEWORK_HEADER = YES;
				CLANG_WARN_RANGE_LOOP_ANALYSIS = YES;
				CLANG_WARN_STRICT_PROTOTYPES = YES;
				CLANG_WARN_SUSPICIOUS_MOVE = YES;
				CLANG_WARN_UNGUARDED_AVAILABILITY = YES_AGGRESSIVE;
				CLANG_WARN_UNREACHABLE_CODE = YES;
				CLANG_WARN__DUPLICATE_METHOD_MATCH = YES;
				COPY_PHASE_STRIP = NO;
				DEBUG_INFORMATION_FORMAT = dwarf;
				ENABLE_STRICT_OBJC_MSGSEND = YES;
				ENABLE_TESTABILITY = YES;
				GCC_C_LANGUAGE_STANDARD = gnu11;
				GCC_DYNAMIC_NO_PIC = NO;
				GCC_NO_COMMON_BLOCKS = YES;
				GCC_OPTIMIZATION_LEVEL = 0;
				GCC_PREPROCESSOR_DEFINITIONS = (
					"DEBUG=1",
					"$(inherited)",
				);
				GCC_WARN_64_TO_32_BIT_CONVERSION = YES;
				GCC_WARN_ABOUT_RETURN_TYPE = YES_ERROR;
				GCC_WARN_UNDECLARED_SELECTOR = YES;
				GCC_WARN_UNINITIALIZED_AUTOS = YES_AGGRESSIVE;
				GCC_WARN_UNUSED_FUNCTION = YES;
				GCC_WARN_UNUSED_VARIABLE = YES;
				IPHONEOS_DEPLOYMENT_TARGET = 14.3;
				MTL_ENABLE_DEBUG_INFO = INCLUDE_SOURCE;
				MTL_FAST_MATH = YES;
				ONLY_ACTIVE_ARCH = YES;
				SDKROOT = iphoneos;
				SWIFT_ACTIVE_COMPILATION_CONDITIONS = DEBUG;
				SWIFT_OPTIMIZATION_LEVEL = "-Onone";
			};
			name = Debug;
		};
		7B61518125B336E6008EE885 /* Release */ = {
			isa = XCBuildConfiguration;
			buildSettings = {
				ALWAYS_SEARCH_USER_PATHS = NO;
				CLANG_ANALYZER_NONNULL = YES;
				CLANG_ANALYZER_NUMBER_OBJECT_CONVERSION = YES_AGGRESSIVE;
				CLANG_CXX_LANGUAGE_STANDARD = "gnu++14";
				CLANG_CXX_LIBRARY = "libc++";
				CLANG_ENABLE_MODULES = YES;
				CLANG_ENABLE_OBJC_ARC = YES;
				CLANG_ENABLE_OBJC_WEAK = YES;
				CLANG_WARN_BLOCK_CAPTURE_AUTORELEASING = YES;
				CLANG_WARN_BOOL_CONVERSION = YES;
				CLANG_WARN_COMMA = YES;
				CLANG_WARN_CONSTANT_CONVERSION = YES;
				CLANG_WARN_DEPRECATED_OBJC_IMPLEMENTATIONS = YES;
				CLANG_WARN_DIRECT_OBJC_ISA_USAGE = YES_ERROR;
				CLANG_WARN_DOCUMENTATION_COMMENTS = YES;
				CLANG_WARN_EMPTY_BODY = YES;
				CLANG_WARN_ENUM_CONVERSION = YES;
				CLANG_WARN_INFINITE_RECURSION = YES;
				CLANG_WARN_INT_CONVERSION = YES;
				CLANG_WARN_NON_LITERAL_NULL_CONVERSION = YES;
				CLANG_WARN_OBJC_IMPLICIT_RETAIN_SELF = YES;
				CLANG_WARN_OBJC_LITERAL_CONVERSION = YES;
				CLANG_WARN_OBJC_ROOT_CLASS = YES_ERROR;
				CLANG_WARN_QUOTED_INCLUDE_IN_FRAMEWORK_HEADER = YES;
				CLANG_WARN_RANGE_LOOP_ANALYSIS = YES;
				CLANG_WARN_STRICT_PROTOTYPES = YES;
				CLANG_WARN_SUSPICIOUS_MOVE = YES;
				CLANG_WARN_UNGUARDED_AVAILABILITY = YES_AGGRESSIVE;
				CLANG_WARN_UNREACHABLE_CODE = YES;
				CLANG_WARN__DUPLICATE_METHOD_MATCH = YES;
				COPY_PHASE_STRIP = NO;
				DEBUG_INFORMATION_FORMAT = "dwarf-with-dsym";
				ENABLE_NS_ASSERTIONS = NO;
				ENABLE_STRICT_OBJC_MSGSEND = YES;
				GCC_C_LANGUAGE_STANDARD = gnu11;
				GCC_NO_COMMON_BLOCKS = YES;
				GCC_WARN_64_TO_32_BIT_CONVERSION = YES;
				GCC_WARN_ABOUT_RETURN_TYPE = YES_ERROR;
				GCC_WARN_UNDECLARED_SELECTOR = YES;
				GCC_WARN_UNINITIALIZED_AUTOS = YES_AGGRESSIVE;
				GCC_WARN_UNUSED_FUNCTION = YES;
				GCC_WARN_UNUSED_VARIABLE = YES;
				IPHONEOS_DEPLOYMENT_TARGET = 14.3;
				MTL_ENABLE_DEBUG_INFO = NO;
				MTL_FAST_MATH = YES;
				SDKROOT = iphoneos;
				SWIFT_COMPILATION_MODE = wholemodule;
				SWIFT_OPTIMIZATION_LEVEL = "-O";
				VALIDATE_PRODUCT = YES;
			};
			name = Release;
		};
		7B61518325B336E6008EE885 /* Debug */ = {
			isa = XCBuildConfiguration;
			buildSettings = {
				ASSETCATALOG_COMPILER_APPICON_NAME = AppIcon;
				ASSETCATALOG_COMPILER_GLOBAL_ACCENT_COLOR_NAME = AccentColor;
				CODE_SIGN_STYLE = Automatic;
				DEVELOPMENT_ASSET_PATHS = "\"FlickrApplication/Preview Content\"";
				DEVELOPMENT_TEAM = CWB64V8YJA;
				ENABLE_PREVIEWS = YES;
				INFOPLIST_FILE = FlickrApplication/Info.plist;
				IPHONEOS_DEPLOYMENT_TARGET = 14.0;
				LD_RUNPATH_SEARCH_PATHS = (
					"$(inherited)",
					"@executable_path/Frameworks",
				);
				PRODUCT_BUNDLE_IDENTIFIER = stolenhen.FlickrApplication;
				PRODUCT_NAME = "$(TARGET_NAME)";
				SWIFT_VERSION = 5.0;
				TARGETED_DEVICE_FAMILY = "1,2";
			};
			name = Debug;
		};
		7B61518425B336E6008EE885 /* Release */ = {
			isa = XCBuildConfiguration;
			buildSettings = {
				ASSETCATALOG_COMPILER_APPICON_NAME = AppIcon;
				ASSETCATALOG_COMPILER_GLOBAL_ACCENT_COLOR_NAME = AccentColor;
				CODE_SIGN_STYLE = Automatic;
				DEVELOPMENT_ASSET_PATHS = "\"FlickrApplication/Preview Content\"";
				DEVELOPMENT_TEAM = CWB64V8YJA;
				ENABLE_PREVIEWS = YES;
				INFOPLIST_FILE = FlickrApplication/Info.plist;
				IPHONEOS_DEPLOYMENT_TARGET = 14.0;
				LD_RUNPATH_SEARCH_PATHS = (
					"$(inherited)",
					"@executable_path/Frameworks",
				);
				PRODUCT_BUNDLE_IDENTIFIER = stolenhen.FlickrApplication;
				PRODUCT_NAME = "$(TARGET_NAME)";
				SWIFT_VERSION = 5.0;
				TARGETED_DEVICE_FAMILY = "1,2";
			};
			name = Release;
		};
/* End XCBuildConfiguration section */

/* Begin XCConfigurationList section */
		7B61516E25B336E3008EE885 /* Build configuration list for PBXProject "FlickrApplication" */ = {
			isa = XCConfigurationList;
			buildConfigurations = (
				7B61518025B336E6008EE885 /* Debug */,
				7B61518125B336E6008EE885 /* Release */,
			);
			defaultConfigurationIsVisible = 0;
			defaultConfigurationName = Release;
		};
		7B61518225B336E6008EE885 /* Build configuration list for PBXNativeTarget "FlickrApplication" */ = {
			isa = XCConfigurationList;
			buildConfigurations = (
				7B61518325B336E6008EE885 /* Debug */,
				7B61518425B336E6008EE885 /* Release */,
			);
			defaultConfigurationIsVisible = 0;
			defaultConfigurationName = Release;
		};
/* End XCConfigurationList section */
	};
	rootObject = 7B61516B25B336E3008EE885 /* Project object */;
}
